
Microsoft Visual Studio Solution File, Format Version 12.00
# Visual Studio Version 17
VisualStudioVersion = 17.3.32825.248
MinimumVisualStudioVersion = 10.0.40219.1
Project("{FAE04EC0-301F-11D3-BF4B-00C04F79EFBC}") = "InterfazPrueba1", "InterfazPrueba1\InterfazPrueba1.csproj", "{51B45FC0-254B-43C3-A7E4-036460231D0B}"
EndProject
Global
	GlobalSection(SolutionConfigurationPlatforms) = preSolution
		Debug|Any CPU = Debug|Any CPU
		Release|Any CPU = Release|Any CPU
	EndGlobalSection
	GlobalSection(ProjectConfigurationPlatforms) = postSolution
		{51B45FC0-254B-43C3-A7E4-036460231D0B}.Debug|Any CPU.ActiveCfg = Debug|Any CPU
		{51B45FC0-254B-43C3-A7E4-036460231D0B}.Debug|Any CPU.Build.0 = Debug|Any CPU
		{51B45FC0-254B-43C3-A7E4-036460231D0B}.Release|Any CPU.ActiveCfg = Release|Any CPU
		{51B45FC0-254B-43C3-A7E4-036460231D0B}.Release|Any CPU.Build.0 = Release|Any CPU
	EndGlobalSection
	GlobalSection(SolutionProperties) = preSolution
		HideSolutionNode = FALSE
	EndGlobalSection
	GlobalSection(ExtensibilityGlobals) = postSolution
		SolutionGuid = {9C6BECF6-ECF5-490B-B25D-0B46A952382D}
	EndGlobalSection
EndGlobal
